# THIS IS AN AUTOGENERATED FILE. DO NOT EDIT THIS FILE DIRECTLY.
# yarn lockfile v1


"@types/mime@^2.0.0":
  version "2.0.1"
  resolved "https://registry.yarnpkg.com/@types/mime/-/mime-2.0.1.tgz#dc488842312a7f075149312905b5e3c0b054c79d"

"@types/node@^10.9.4":
  version "10.14.18"
  resolved "https://registry.yarnpkg.com/@types/node/-/node-10.14.18.tgz#b7d45fc950e6ffd7edc685e890d13aa7b8535dce"
  integrity sha512-ryO3Q3++yZC/+b8j8BdKd/dn9JlzlHBPdm80656xwYUdmPkpTGTjkAdt6BByiNupGPE8w0FhBgvYy/fX9hRNGQ==

mime@^2.3.1:
  version "2.4.4"
  resolved "https://registry.yarnpkg.com/mime/-/mime-2.4.4.tgz#bd7b91135fc6b01cde3e9bae33d659b63d8857e5"

typescript@next:
  version "3.7.0-dev.20191006"
  resolved "https://registry.yarnpkg.com/typescript/-/typescript-3.7.0-dev.20191006.tgz#b455c0bdbc29625b6f95886e17c85ded1271f588"
  integrity sha512-0uxLQ41QwguSZdMlQ5GUXljS42Ti1+AFJ1EnTsQOSX4Z0eG2bwxHDJItIRDGV6yZGBMXJ6HGapxv2qxSeW5svA==
