# THIS IS AN AUTOGENERATED FILE. DO NOT EDIT THIS FILE DIRECTLY.
# yarn lockfile v1


"@types/mime@^2.0.0":
  version "2.0.1"
  resolved "https://registry.yarnpkg.com/@types/mime/-/mime-2.0.1.tgz#dc488842312a7f075149312905b5e3c0b054c79d"

"@types/node@^10.9.4":
  version "10.17.48"
  resolved "https://registry.yarnpkg.com/@types/node/-/node-10.17.48.tgz#726e7f25d00bf58d79c8f00dd586dd9a10d06a4f"
  integrity sha512-Agl6xbYP6FOMDeAsr3QVZ+g7Yzg0uhPHWx0j5g4LFdUBHVtqtU+gH660k/lCEe506jJLOGbEzsnqPDTZGJQLag==

mime@^2.3.1:
  version "2.4.4"
  resolved "https://registry.yarnpkg.com/mime/-/mime-2.4.4.tgz#bd7b91135fc6b01cde3e9bae33d659b63d8857e5"

typescript@next:
  version "3.7.0-dev.20191014"
  resolved "https://registry.yarnpkg.com/typescript/-/typescript-3.7.0-dev.20191014.tgz#5c35d63591627c668cedb8cddc61a85fbeb1c1c2"
  integrity sha512-kaG+8Os48sMYj57/UvwkoADjvLgvDLWEwOj3HVJ3AhQykMJ7CKpBzaXwuNwfmO4Q3KSdcinGXLt9RIXLdhfyXw==
