# THIS IS AN AUTOGENERATED FILE. DO NOT EDIT THIS FILE DIRECTLY.
# yarn lockfile v1


"@types/mime@^2.0.0":
  version "2.0.1"
  resolved "https://registry.yarnpkg.com/@types/mime/-/mime-2.0.1.tgz#dc488842312a7f075149312905b5e3c0b054c79d"

"@types/node@^10.9.4":
  version "10.14.16"
  resolved "https://registry.yarnpkg.com/@types/node/-/node-10.14.16.tgz#4d690c96cbb7b2728afea0e260d680501b3da5cf"
  integrity sha512-/opXIbfn0P+VLt+N8DE4l8Mn8rbhiJgabU96ZJ0p9mxOkIks5gh6RUnpHak7Yh0SFkyjO/ODbxsQQPV2bpMmyA==

mime@^2.3.1:
  version "2.4.4"
  resolved "https://registry.yarnpkg.com/mime/-/mime-2.4.4.tgz#bd7b91135fc6b01cde3e9bae33d659b63d8857e5"

typescript@next:
  version "3.7.0-dev.20190821"
  resolved "https://registry.yarnpkg.com/typescript/-/typescript-3.7.0-dev.20190821.tgz#05949587a03b17f36fa316bffc9de4f7701d63cf"
  integrity sha512-s4HrstSTW+v4i4Of2FuWa/v1Hrp+q4HGgqSBWZ3echvd5Ms8Rwi5RDakkAFIo3Jq9SfjZ4XNSw/mB8LgiCC29w==
